
Microsoft Visual Studio Solution File, Format Version 12.00
# Visual Studio Version 17
VisualStudioVersion = 17.4.33205.214
MinimumVisualStudioVersion = 10.0.40219.1
Project("{FAE04EC0-301F-11D3-BF4B-00C04F79EFBC}") = "TestProject1", "TestProject1\TestProject1.csproj", "{7612188B-07AE-459B-A0F8-A892A4CDA72F}"
EndProject
Global
	GlobalSection(SolutionConfigurationPlatforms) = preSolution
		Debug|Any CPU = Debug|Any CPU
		Release|Any CPU = Release|Any CPU
	EndGlobalSection
	GlobalSection(ProjectConfigurationPlatforms) = postSolution
		{7612188B-07AE-459B-A0F8-A892A4CDA72F}.Debug|Any CPU.ActiveCfg = Debug|Any CPU
		{7612188B-07AE-459B-A0F8-A892A4CDA72F}.Debug|Any CPU.Build.0 = Debug|Any CPU
		{7612188B-07AE-459B-A0F8-A892A4CDA72F}.Release|Any CPU.ActiveCfg = Release|Any CPU
		{7612188B-07AE-459B-A0F8-A892A4CDA72F}.Release|Any CPU.Build.0 = Release|Any CPU
	EndGlobalSection
	GlobalSection(SolutionProperties) = preSolution
		HideSolutionNode = FALSE
	EndGlobalSection
	GlobalSection(ExtensibilityGlobals) = postSolution
		SolutionGuid = {62FBF351-9D3A-41B0-8A8C-3B22C67423C9}
	EndGlobalSection
EndGlobal
